# Generated by conda-lock.
# platform: win-64
# input_hash: 152987c510bcfa89535e96e9646ef707c1fdee97de960d2aca3f3f9ab33f184b
@EXPLICIT
https://conda.anaconda.org/conda-forge/win-64/ca-certificates-2023.5.7-h56e8100_0.conda#604212634bd8c4d6f20d44b946e8eedb
https://conda.anaconda.org/conda-forge/win-64/intel-openmp-2023.1.0-h57928b3_46319.conda#dbc4636f419722fbf3ab6501377228ba
https://conda.anaconda.org/conda-forge/win-64/libexpat-2.5.0-h63175ca_1.conda#636cc3cbbd2e28bcfd2f73b2044aac2c
https://conda.anaconda.org/conda-forge/win-64/python_abi-3.11-3_cp311.conda#fd1634ba85cfea9376e1fc02d6f592e9
https://conda.anaconda.org/conda-forge/noarch/tzdata-2023c-h71feb2d_0.conda#939e3e74d8be4dac89ce83b20de2492a
https://conda.anaconda.org/conda-forge/win-64/ucrt-10.0.22621.0-h57928b3_0.tar.bz2#72608f6cd3e5898229c3ea16deb1ac43
https://conda.anaconda.org/conda-forge/win-64/vc14_runtime-14.34.31931-h5081d32_16.conda#22125178654c6a8a393f9743d585704b
https://conda.anaconda.org/conda-forge/win-64/vc-14.3-hb25d44b_16.conda#ea326b37e3bd6d2616988e09f3a9396c
https://conda.anaconda.org/conda-forge/win-64/vs2015_runtime-14.34.31931-hed1258a_16.conda#0374eae69b6dbfb27c3dc27167109eb4
https://conda.anaconda.org/conda-forge/win-64/bzip2-1.0.8-h8ffe710_4.tar.bz2#7c03c66026944073040cb19a4f3ec3c9
https://conda.anaconda.org/conda-forge/win-64/libffi-3.4.2-h8ffe710_5.tar.bz2#2c96d1b6915b408893f9472569dee135
https://conda.anaconda.org/conda-forge/win-64/libiconv-1.17-h8ffe710_0.tar.bz2#050119977a86e4856f0416e2edcf81bb
https://conda.anaconda.org/conda-forge/win-64/libsqlite-3.42.0-hcfcfb64_0.conda#9a71d93deb99cc09d8939d5235b5909a
https://conda.anaconda.org/conda-forge/win-64/libzlib-1.2.13-hcfcfb64_4.tar.bz2#0cc5c5cc64ee1637f37f8540a175854c
https://conda.anaconda.org/conda-forge/win-64/openssl-3.1.0-hcfcfb64_3.conda#70ef20ae131da584481da2fbc6aa31c8
https://conda.anaconda.org/conda-forge/win-64/pthreads-win32-2.9.1-hfa6e2cd_3.tar.bz2#e2da8758d7d51ff6aa78a14dfb9dbed4
https://conda.anaconda.org/conda-forge/win-64/tk-8.6.12-h8ffe710_0.tar.bz2#c69a5047cc9291ae40afd4a1ad6f0c0f
https://conda.anaconda.org/conda-forge/win-64/xz-5.2.6-h8d14728_0.tar.bz2#515d77642eaa3639413c6b1bc3f94219
https://conda.anaconda.org/conda-forge/win-64/libxml2-2.10.4-hc3477c8_0.conda#d9869d2d502cca6b6f73dd7030696b3c
https://conda.anaconda.org/conda-forge/win-64/python-3.11.3-h2628c8c_0_cpython.conda#8f82e0e0ba51bed311f28eb6450393f6
https://conda.anaconda.org/conda-forge/noarch/attrs-23.1.0-pyh71513ae_1.conda#3edfead7cedd1ab4400a6c588f3e75f8
https://conda.anaconda.org/conda-forge/noarch/certifi-2023.5.7-pyhd8ed1ab_0.conda#5d1b71c942b8421285934dad1d891ebc
https://conda.anaconda.org/conda-forge/noarch/charset-normalizer-3.1.0-pyhd8ed1ab_0.conda#7fcff9f6f123696e940bda77bd4d6551
https://conda.anaconda.org/conda-forge/noarch/colorama-0.4.6-pyhd8ed1ab_0.tar.bz2#3faab06a954c2a04039983f2c4a50d99
https://conda.anaconda.org/conda-forge/noarch/crashtest-0.4.1-pyhd8ed1ab_0.tar.bz2#709a2295dd907bb34afb57d54320642f
https://conda.anaconda.org/conda-forge/noarch/distlib-0.3.6-pyhd8ed1ab_0.tar.bz2#b65b4d50dbd2d50fa0aeac367ec9eed7
https://conda.anaconda.org/conda-forge/noarch/filelock-3.12.0-pyhd8ed1ab_0.conda#650f18a56f366dbf419c15b543592c2d
https://conda.anaconda.org/conda-forge/noarch/idna-3.4-pyhd8ed1ab_0.tar.bz2#34272b248891bddccc64479f9a7fffed
https://conda.anaconda.org/conda-forge/win-64/libhwloc-2.9.1-h51c2c0f_0.conda#8ec5920f3ed67faa0264a36c0b533ed0
https://conda.anaconda.org/conda-forge/noarch/lockfile-0.12.2-py_1.tar.bz2#c104d98e09c47519950cffb8dd5b4f10
https://conda.anaconda.org/conda-forge/noarch/more-itertools-9.1.0-pyhd8ed1ab_0.conda#1698a717f83cfecf644a877c174c84bd
https://conda.anaconda.org/conda-forge/win-64/msgpack-python-1.0.5-py311h005e61a_0.conda#01a252f384a5d1ad338cff1184d9a9c0
https://conda.anaconda.org/conda-forge/noarch/packaging-23.1-pyhd8ed1ab_0.conda#91cda59e66e1e4afe9476f8ef98f5c30
https://conda.anaconda.org/conda-forge/noarch/pkginfo-1.9.6-pyhd8ed1ab_0.conda#be1e9f1c65a1ed0f2ae9352fec99db64
https://conda.anaconda.org/conda-forge/noarch/pkgutil-resolve-name-1.3.10-pyhd8ed1ab_0.tar.bz2#89e3c7cdde7d3aaa2aee933b604dd07f
https://conda.anaconda.org/conda-forge/noarch/ptyprocess-0.7.0-pyhd3deb0d_0.tar.bz2#359eeb6536da0e687af562ed265ec263
https://conda.anaconda.org/conda-forge/noarch/pycparser-2.21-pyhd8ed1ab_0.tar.bz2#076becd9e05608f8dc72757d5f3a91ff
https://conda.anaconda.org/conda-forge/win-64/pyrsistent-0.19.3-py311ha68e1ae_0.conda#3f2780a49f0b4bb2c622f7cf098e3d06
https://conda.anaconda.org/conda-forge/noarch/python-installer-0.7.0-pyhd8ed1ab_0.conda#65dea78f903d686c8b0c2feaf0e15e1f
https://conda.anaconda.org/conda-forge/win-64/pywin32-ctypes-0.2.0-py311h1ea47a8_1006.tar.bz2#86ee973a16f5449d9ded34b512331dce
https://conda.anaconda.org/conda-forge/noarch/setuptools-67.7.2-pyhd8ed1ab_0.conda#3b68bc43ec6baa48f7354a446267eefe
https://conda.anaconda.org/conda-forge/noarch/shellingham-1.5.1-pyhd8ed1ab_0.conda#1de44299f48f522caa2e0074231614e1
https://conda.anaconda.org/conda-forge/noarch/six-1.16.0-pyh6c4a22f_0.tar.bz2#e5f25f8dbc060e9a8d912e432202afc2
https://conda.anaconda.org/conda-forge/noarch/tomli-2.0.1-pyhd8ed1ab_0.tar.bz2#5844808ffab9ebdb694585b50ba02a96
https://conda.anaconda.org/conda-forge/noarch/tomlkit-0.11.8-pyha770c72_0.conda#75838e8556166263a82038b51d01d5f1
https://conda.anaconda.org/conda-forge/noarch/trove-classifiers-2023.5.24-pyhd8ed1ab_0.conda#4580a4f27cad1c3b275f6f6ad310abae
https://conda.anaconda.org/conda-forge/noarch/typing-3.10.0.0-pyhd8ed1ab_0.tar.bz2#e6573ac68718f17b9d4f5c8eda3190f2
https://conda.anaconda.org/conda-forge/noarch/typing_extensions-4.6.2-pyha770c72_0.conda#5a4a270e5a3f93846d6bade2f71fa440
https://conda.anaconda.org/conda-forge/noarch/webencodings-0.5.1-py_1.tar.bz2#3563be4c5611a44210d9ba0c16113136
https://conda.anaconda.org/conda-forge/noarch/wheel-0.40.0-pyhd8ed1ab_0.conda#49bb0d9e60ce1db25e151780331bb5f3
https://conda.anaconda.org/conda-forge/noarch/win_inet_pton-1.1.0-pyhd8ed1ab_6.tar.bz2#30878ecc4bd36e8deeea1e3c151b2e0b
https://conda.anaconda.org/conda-forge/noarch/zipp-3.15.0-pyhd8ed1ab_0.conda#13018819ca8f5b7cc675a8faf1f5fedf
https://conda.anaconda.org/conda-forge/noarch/backports.cached-property-1.0.2-pyhd8ed1ab_0.tar.bz2#0e1df3978dd516e20ef88c86d51e5432
https://conda.anaconda.org/conda-forge/win-64/cffi-1.15.1-py311h7d9ee11_3.conda#a8524727eb956b4741e25a64af79edb8
https://conda.anaconda.org/conda-forge/noarch/html5lib-1.1-pyh9f0ad1d_0.tar.bz2#b2355343d6315c892543200231d7154a
https://conda.anaconda.org/conda-forge/noarch/importlib-metadata-6.6.0-pyha770c72_0.conda#f91a5d5175fb7ff2a91952ec7da59cb9
https://conda.anaconda.org/conda-forge/noarch/importlib_resources-5.12.0-pyhd8ed1ab_0.conda#e5fd2260a231ee63b6969f4801082f2b
https://conda.anaconda.org/conda-forge/noarch/jaraco.classes-3.2.3-pyhd8ed1ab_0.tar.bz2#31e4a1506968d017229bdb64695013a1
https://conda.anaconda.org/conda-forge/noarch/pexpect-4.8.0-pyh1a96a4e_2.tar.bz2#330448ce4403cc74990ac07c555942a1
https://conda.anaconda.org/conda-forge/noarch/pip-23.1.2-pyhd8ed1ab_0.conda#7288da0d36821349cf1126e8670292df
https://conda.anaconda.org/conda-forge/noarch/pyproject_hooks-1.0.0-pyhd8ed1ab_0.conda#21de50391d584eb7f4441b9de1ad773f
https://conda.anaconda.org/conda-forge/noarch/pysocks-1.7.1-pyh0701188_6.tar.bz2#56cd9fe388baac0e90c7149cfac95b60
https://conda.anaconda.org/conda-forge/win-64/tbb-2021.9.0-h91493d7_0.conda#6aa3f1becefeaa00a4d2a79b2a478aee
https://conda.anaconda.org/conda-forge/noarch/typing-extensions-4.6.2-hd8ed1ab_0.conda#f676553904bb8f7c1dfe71c9db0d9ba7
https://conda.anaconda.org/conda-forge/win-64/brotlipy-0.7.0-py311ha68e1ae_1005.tar.bz2#dd9604ece454103e7210110c6d343e37
https://conda.anaconda.org/conda-forge/win-64/cryptography-40.0.2-py311h28e9c30_0.conda#2962892090a18e2977b072f1e2c067ba
https://conda.anaconda.org/conda-forge/noarch/importlib_metadata-6.6.0-hd8ed1ab_0.conda#3cbc9615f10a3d471532b83e4250b971
https://conda.anaconda.org/conda-forge/noarch/jsonschema-4.17.3-pyhd8ed1ab_0.conda#723268a468177cd44568eb8f794e0d80
https://conda.anaconda.org/conda-forge/win-64/mkl-2022.1.0-h6a75c08_874.tar.bz2#2ff89a7337a9636029b4db9466e9f8e3
https://conda.anaconda.org/conda-forge/noarch/platformdirs-3.5.1-pyhd8ed1ab_0.conda#e2be672aece1f060adf7154f76531a35
https://conda.anaconda.org/conda-forge/noarch/poetry-core-1.6.0-pyhd8ed1ab_0.conda#17c7b3297333fe0b1196541a4a766915
https://conda.anaconda.org/conda-forge/noarch/python-build-0.10.0-pyhd8ed1ab_1.conda#0ab47ce574f6a8bcb9f2076436e7fedb
https://conda.anaconda.org/conda-forge/win-64/keyring-23.13.1-py311h1ea47a8_0.conda#ff14a49b769ea59ee6709a890e17f317
https://conda.anaconda.org/conda-forge/win-64/libblas-3.9.0-16_win64_mkl.tar.bz2#d2e6f4e86cee2b4e8c27ff6884ccdc61
https://conda.anaconda.org/conda-forge/noarch/poetry-plugin-export-1.3.1-pyhd8ed1ab_0.conda#78092f3001808dbd1dbdb7166ccee64d
https://conda.anaconda.org/conda-forge/noarch/pyopenssl-23.1.1-pyhd8ed1ab_0.conda#0b34aa3ab7e7ccb1765a03dd9ed29938
https://conda.anaconda.org/conda-forge/noarch/virtualenv-20.23.0-pyhd8ed1ab_0.conda#a920e114c4c2ced2280e266da65ab5e6
https://conda.anaconda.org/conda-forge/win-64/libcblas-3.9.0-16_win64_mkl.tar.bz2#14c2fb03b2bb14dfa3806186ca91d557
https://conda.anaconda.org/conda-forge/win-64/liblapack-3.9.0-16_win64_mkl.tar.bz2#be2f9d5712a5bb05cd900005ee752a05
https://conda.anaconda.org/conda-forge/noarch/urllib3-1.26.15-pyhd8ed1ab_0.conda#27db656619a55d727eaf5a6ece3d2fd6
https://conda.anaconda.org/conda-forge/win-64/dulwich-0.21.5-py311ha68e1ae_0.conda#20ba3588c783c38f57a547631ce0bac3
https://conda.anaconda.org/conda-forge/win-64/numpy-1.24.3-py311h0b4df5a_0.conda#7efb2d8d15616284d8496235d2731ebf
https://conda.anaconda.org/conda-forge/noarch/requests-2.31.0-pyhd8ed1ab_0.conda#a30144e4156cdbb236f99ebb49828f8b
https://conda.anaconda.org/conda-forge/noarch/cachecontrol-0.12.11-pyhd8ed1ab_1.conda#e8f0410e0aa03342304357c5cc3bb75d
https://conda.anaconda.org/conda-forge/win-64/rapidfuzz-2.15.1-py311h12c1d0e_0.conda#e819194c413cae82fe0cce6bdcbc5324
https://conda.anaconda.org/conda-forge/noarch/requests-toolbelt-1.0.0-pyhd8ed1ab_0.conda#99c98318c8646b08cc764f90ce98906e
https://conda.anaconda.org/conda-forge/noarch/cleo-2.0.1-pyhd8ed1ab_0.conda#f1c5f2af6676cbe9206e191d1e70f661
https://conda.anaconda.org/conda-forge/noarch/poetry-1.5.0-win_pyhd8ed1ab_0.conda#6fae3e5b383308846b9e555bc5a8efea
